
Microsoft Visual Studio Solution File, Format Version 12.00
# Visual Studio Version 16
VisualStudioVersion = 16.0.30523.141
MinimumVisualStudioVersion = 10.0.40219.1
Project("{FAE04EC0-301F-11D3-BF4B-00C04F79EFBC}") = "LBRegex", "src\LBRegex\LBRegex.csproj", "{16D0B516-15BD-44F5-873F-8DABBC8DE1FB}"
EndProject
Project("{FAE04EC0-301F-11D3-BF4B-00C04F79EFBC}") = "LBRegex.Tests", "tests\LBRegex.Tests\LBRegex.Tests.csproj", "{FD1870ED-66E9-49BF-BC80-2BBDF22189BD}"
EndProject
Global
	GlobalSection(SolutionConfigurationPlatforms) = preSolution
		Debug|Any CPU = Debug|Any CPU
		Release|Any CPU = Release|Any CPU
	EndGlobalSection
	GlobalSection(ProjectConfigurationPlatforms) = postSolution
		{16D0B516-15BD-44F5-873F-8DABBC8DE1FB}.Debug|Any CPU.ActiveCfg = Debug|Any CPU
		{16D0B516-15BD-44F5-873F-8DABBC8DE1FB}.Debug|Any CPU.Build.0 = Debug|Any CPU
		{16D0B516-15BD-44F5-873F-8DABBC8DE1FB}.Release|Any CPU.ActiveCfg = Release|Any CPU
		{16D0B516-15BD-44F5-873F-8DABBC8DE1FB}.Release|Any CPU.Build.0 = Release|Any CPU
		{FD1870ED-66E9-49BF-BC80-2BBDF22189BD}.Debug|Any CPU.ActiveCfg = Debug|Any CPU
		{FD1870ED-66E9-49BF-BC80-2BBDF22189BD}.Debug|Any CPU.Build.0 = Debug|Any CPU
		{FD1870ED-66E9-49BF-BC80-2BBDF22189BD}.Release|Any CPU.ActiveCfg = Release|Any CPU
		{FD1870ED-66E9-49BF-BC80-2BBDF22189BD}.Release|Any CPU.Build.0 = Release|Any CPU
	EndGlobalSection
	GlobalSection(SolutionProperties) = preSolution
		HideSolutionNode = FALSE
	EndGlobalSection
	GlobalSection(ExtensibilityGlobals) = postSolution
		SolutionGuid = {0C415FCB-476D-4806-A6A5-30EEDAD9C2A6}
	EndGlobalSection
EndGlobal
